
Microsoft Visual Studio Solution File, Format Version 12.00
# Visual Studio 15
Project("{FAE04EC0-301F-11D3-BF4B-00C04F79EFBC}") = "Assembly-CSharp", "Assembly-CSharp.csproj", "{3C1007EF-651F-A488-78B9-C2989D838E16}"
EndProject
Project("{FAE04EC0-301F-11D3-BF4B-00C04F79EFBC}") = "AstarPathfindingProject", "AstarPathfindingProject.csproj", "{360D8B66-1C9B-AB4E-405B-66519D3C1620}"
EndProject
Project("{FAE04EC0-301F-11D3-BF4B-00C04F79EFBC}") = "AstarPathfindingProjectEditor", "AstarPathfindingProjectEditor.csproj", "{B5E1AD2E-F24F-26ED-522A-B88600880F4B}"
EndProject
Project("{FAE04EC0-301F-11D3-BF4B-00C04F79EFBC}") = "PackageToolsEditor", "PackageToolsEditor.csproj", "{A960E6EF-2FE6-48E5-59C4-D50D5E1D2211}"
EndProject
Global
	GlobalSection(SolutionConfigurationPlatforms) = preSolution
		Debug|Any CPU = Debug|Any CPU
		Release|Any CPU = Release|Any CPU
	EndGlobalSection
	GlobalSection(ProjectConfigurationPlatforms) = postSolution
		{3C1007EF-651F-A488-78B9-C2989D838E16}.Debug|Any CPU.ActiveCfg = Debug|Any CPU
		{3C1007EF-651F-A488-78B9-C2989D838E16}.Debug|Any CPU.Build.0 = Debug|Any CPU
		{3C1007EF-651F-A488-78B9-C2989D838E16}.Release|Any CPU.ActiveCfg = Release|Any CPU
		{3C1007EF-651F-A488-78B9-C2989D838E16}.Release|Any CPU.Build.0 = Release|Any CPU
		{360D8B66-1C9B-AB4E-405B-66519D3C1620}.Debug|Any CPU.ActiveCfg = Debug|Any CPU
		{360D8B66-1C9B-AB4E-405B-66519D3C1620}.Debug|Any CPU.Build.0 = Debug|Any CPU
		{360D8B66-1C9B-AB4E-405B-66519D3C1620}.Release|Any CPU.ActiveCfg = Release|Any CPU
		{360D8B66-1C9B-AB4E-405B-66519D3C1620}.Release|Any CPU.Build.0 = Release|Any CPU
		{B5E1AD2E-F24F-26ED-522A-B88600880F4B}.Debug|Any CPU.ActiveCfg = Debug|Any CPU
		{B5E1AD2E-F24F-26ED-522A-B88600880F4B}.Debug|Any CPU.Build.0 = Debug|Any CPU
		{B5E1AD2E-F24F-26ED-522A-B88600880F4B}.Release|Any CPU.ActiveCfg = Release|Any CPU
		{B5E1AD2E-F24F-26ED-522A-B88600880F4B}.Release|Any CPU.Build.0 = Release|Any CPU
		{A960E6EF-2FE6-48E5-59C4-D50D5E1D2211}.Debug|Any CPU.ActiveCfg = Debug|Any CPU
		{A960E6EF-2FE6-48E5-59C4-D50D5E1D2211}.Debug|Any CPU.Build.0 = Debug|Any CPU
		{A960E6EF-2FE6-48E5-59C4-D50D5E1D2211}.Release|Any CPU.ActiveCfg = Release|Any CPU
		{A960E6EF-2FE6-48E5-59C4-D50D5E1D2211}.Release|Any CPU.Build.0 = Release|Any CPU
	EndGlobalSection
	GlobalSection(SolutionProperties) = preSolution
		HideSolutionNode = FALSE
	EndGlobalSection
EndGlobal
